// !$*UTF8*$!
{
	archiveVersion = 1;
	classes = {
	};
	objectVersion = 46;
	objects = {

/* Begin PBXBuildFile section */
		5DD21716205B3C840028D9FA /* main.m in Sources */ = {isa = PBXBuildFile; fileRef = 5DD21715205B3C840028D9FA /* main.m */; };
		5DD21719205B3C840028D9FA /* AppDelegate.m in Sources */ = {isa = PBXBuildFile; fileRef = 5DD21718205B3C840028D9FA /* AppDelegate.m */; };
		5DD2171F205B3C840028D9FA /* Main.storyboard in Resources */ = {isa = PBXBuildFile; fileRef = 5DD2171D205B3C840028D9FA /* Main.storyboard */; };
		5DD21721205B3C840028D9FA /* Assets.xcassets in Resources */ = {isa = PBXBuildFile; fileRef = 5DD21720205B3C840028D9FA /* Assets.xcassets */; };
		5DD21724205B3C840028D9FA /* LaunchScreen.storyboard in Resources */ = {isa = PBXBuildFile; fileRef = 5DD21722205B3C840028D9FA /* LaunchScreen.storyboard */; };
		5DD2172D205B3D1C0028D9FA /* TableViewController.m in Sources */ = {isa = PBXBuildFile; fileRef = 5DD2172C205B3D1C0028D9FA /* TableViewController.m */; };
		5DD21730205B3DDB0028D9FA /* Yahoo.m in Sources */ = {isa = PBXBuildFile; fileRef = 5DD2172F205B3DDB0028D9FA /* Yahoo.m */; };
		B20AB6AB2087DC3F00040998 /* StockViewController.swift in Sources */ = {isa = PBXBuildFile; fileRef = B20AB6AA2087DC3F00040998 /* StockViewController.swift */; };
		B20AB6AD2087DC8300040998 /* coreDataController.swift in Sources */ = {isa = PBXBuildFile; fileRef = B20AB6AC2087DC8300040998 /* coreDataController.swift */; };
		B20AB6B02087DD5B00040998 /* StockInfo.xcdatamodeld in Sources */ = {isa = PBXBuildFile; fileRef = B20AB6AE2087DD5B00040998 /* StockInfo.xcdatamodeld */; };
		B20AB6B32087DDB600040998 /* CoreData.framework in Frameworks */ = {isa = PBXBuildFile; fileRef = B20AB6B22087DDB500040998 /* CoreData.framework */; };
		B2DDBBBA2087EAE200872972 /* ViewController.swift in Sources */ = {isa = PBXBuildFile; fileRef = B2DDBBB92087EAE200872972 /* ViewController.swift */; };
		DEA14652208D7F3200921826 /* DetailViewController.swift in Sources */ = {isa = PBXBuildFile; fileRef = DEA14651208D7F3200921826 /* DetailViewController.swift */; };
/* End PBXBuildFile section */

/* Begin PBXFileReference section */
		5DD21711205B3C840028D9FA /* StockInfo.app */ = {isa = PBXFileReference; explicitFileType = wrapper.application; includeInIndex = 0; path = StockInfo.app; sourceTree = BUILT_PRODUCTS_DIR; };
		5DD21715205B3C840028D9FA /* main.m */ = {isa = PBXFileReference; lastKnownFileType = sourcecode.c.objc; path = main.m; sourceTree = "<group>"; };
		5DD21717205B3C840028D9FA /* AppDelegate.h */ = {isa = PBXFileReference; lastKnownFileType = sourcecode.c.h; path = AppDelegate.h; sourceTree = "<group>"; };
		5DD21718205B3C840028D9FA /* AppDelegate.m */ = {isa = PBXFileReference; lastKnownFileType = sourcecode.c.objc; path = AppDelegate.m; sourceTree = "<group>"; };
		5DD2171E205B3C840028D9FA /* Base */ = {isa = PBXFileReference; lastKnownFileType = file.storyboard; name = Base; path = Base.lproj/Main.storyboard; sourceTree = "<group>"; };
		5DD21720205B3C840028D9FA /* Assets.xcassets */ = {isa = PBXFileReference; lastKnownFileType = folder.assetcatalog; path = Assets.xcassets; sourceTree = "<group>"; };
		5DD21723205B3C840028D9FA /* Base */ = {isa = PBXFileReference; lastKnownFileType = file.storyboard; name = Base; path = Base.lproj/LaunchScreen.storyboard; sourceTree = "<group>"; };
		5DD21725205B3C840028D9FA /* Info.plist */ = {isa = PBXFileReference; lastKnownFileType = text.plist.xml; path = Info.plist; sourceTree = "<group>"; };
		5DD2172B205B3D1C0028D9FA /* TableViewController.h */ = {isa = PBXFileReference; fileEncoding = 4; lastKnownFileType = sourcecode.c.h; path = TableViewController.h; sourceTree = "<group>"; };
		5DD2172C205B3D1C0028D9FA /* TableViewController.m */ = {isa = PBXFileReference; fileEncoding = 4; lastKnownFileType = sourcecode.c.objc; path = TableViewController.m; sourceTree = "<group>"; };
		5DD2172E205B3DDB0028D9FA /* Yahoo.h */ = {isa = PBXFileReference; fileEncoding = 4; lastKnownFileType = sourcecode.c.h; path = Yahoo.h; sourceTree = "<group>"; };
		5DD2172F205B3DDB0028D9FA /* Yahoo.m */ = {isa = PBXFileReference; fileEncoding = 4; lastKnownFileType = sourcecode.c.objc; path = Yahoo.m; sourceTree = "<group>"; };
		B20AB6A92087DC3F00040998 /* StockInfo-Bridging-Header.h */ = {isa = PBXFileReference; lastKnownFileType = sourcecode.c.h; path = "StockInfo-Bridging-Header.h"; sourceTree = "<group>"; };
		B20AB6AA2087DC3F00040998 /* StockViewController.swift */ = {isa = PBXFileReference; fileEncoding = 4; lastKnownFileType = sourcecode.swift; path = StockViewController.swift; sourceTree = "<group>"; };
		B20AB6AC2087DC8300040998 /* coreDataController.swift */ = {isa = PBXFileReference; lastKnownFileType = sourcecode.swift; path = coreDataController.swift; sourceTree = "<group>"; };
		B20AB6AF2087DD5B00040998 /* StockInfo.xcdatamodel */ = {isa = PBXFileReference; lastKnownFileType = wrapper.xcdatamodel; path = StockInfo.xcdatamodel; sourceTree = "<group>"; };
		B20AB6B22087DDB500040998 /* CoreData.framework */ = {isa = PBXFileReference; lastKnownFileType = wrapper.framework; name = CoreData.framework; path = System/Library/Frameworks/CoreData.framework; sourceTree = SDKROOT; };
		B2DDBBB92087EAE200872972 /* ViewController.swift */ = {isa = PBXFileReference; lastKnownFileType = sourcecode.swift; path = ViewController.swift; sourceTree = "<group>"; };
		DEA14651208D7F3200921826 /* DetailViewController.swift */ = {isa = PBXFileReference; lastKnownFileType = sourcecode.swift; path = DetailViewController.swift; sourceTree = "<group>"; };
/* End PBXFileReference section */

/* Begin PBXFrameworksBuildPhase section */
		5DD2170E205B3C840028D9FA /* Frameworks */ = {
			isa = PBXFrameworksBuildPhase;
			buildActionMask = 2147483647;
			files = (
				B20AB6B32087DDB600040998 /* CoreData.framework in Frameworks */,
			);
			runOnlyForDeploymentPostprocessing = 0;
		};
/* End PBXFrameworksBuildPhase section */

/* Begin PBXGroup section */
		5DD21708205B3C840028D9FA = {
			isa = PBXGroup;
			children = (
				5DD21713205B3C840028D9FA /* StockInfo */,
				5DD21712205B3C840028D9FA /* Products */,
				B20AB6B12087DDB500040998 /* Frameworks */,
			);
			sourceTree = "<group>";
		};
		5DD21712205B3C840028D9FA /* Products */ = {
			isa = PBXGroup;
			children = (
				5DD21711205B3C840028D9FA /* StockInfo.app */,
			);
			name = Products;
			sourceTree = "<group>";
		};
		5DD21713205B3C840028D9FA /* StockInfo */ = {
			isa = PBXGroup;
			children = (
				5DD21717205B3C840028D9FA /* AppDelegate.h */,
				5DD21718205B3C840028D9FA /* AppDelegate.m */,
				5DD2171D205B3C840028D9FA /* Main.storyboard */,
				5DD21720205B3C840028D9FA /* Assets.xcassets */,
				5DD21722205B3C840028D9FA /* LaunchScreen.storyboard */,
				5DD21725205B3C840028D9FA /* Info.plist */,
				5DD21714205B3C840028D9FA /* Supporting Files */,
				5DD2172B205B3D1C0028D9FA /* TableViewController.h */,
				5DD2172C205B3D1C0028D9FA /* TableViewController.m */,
				B2DDBBB92087EAE200872972 /* ViewController.swift */,
				B20AB6AA2087DC3F00040998 /* StockViewController.swift */,
				DEA14651208D7F3200921826 /* DetailViewController.swift */,
				B20AB6AC2087DC8300040998 /* coreDataController.swift */,
				B20AB6AE2087DD5B00040998 /* StockInfo.xcdatamodeld */,
				5DD2172E205B3DDB0028D9FA /* Yahoo.h */,
				5DD2172F205B3DDB0028D9FA /* Yahoo.m */,
				B20AB6A92087DC3F00040998 /* StockInfo-Bridging-Header.h */,
			);
			path = StockInfo;
			sourceTree = "<group>";
		};
		5DD21714205B3C840028D9FA /* Supporting Files */ = {
			isa = PBXGroup;
			children = (
				5DD21715205B3C840028D9FA /* main.m */,
			);
			name = "Supporting Files";
			sourceTree = "<group>";
		};
		B20AB6B12087DDB500040998 /* Frameworks */ = {
			isa = PBXGroup;
			children = (
				B20AB6B22087DDB500040998 /* CoreData.framework */,
			);
			name = Frameworks;
			sourceTree = "<group>";
		};
/* End PBXGroup section */

/* Begin PBXNativeTarget section */
		5DD21710205B3C840028D9FA /* StockInfo */ = {
			isa = PBXNativeTarget;
			buildConfigurationList = 5DD21728205B3C840028D9FA /* Build configuration list for PBXNativeTarget "StockInfo" */;
			buildPhases = (
				5DD2170D205B3C840028D9FA /* Sources */,
				5DD2170E205B3C840028D9FA /* Frameworks */,
				5DD2170F205B3C840028D9FA /* Resources */,
			);
			buildRules = (
			);
			dependencies = (
			);
			name = StockInfo;
			productName = YahooAPISearch;
			productReference = 5DD21711205B3C840028D9FA /* StockInfo.app */;
			productType = "com.apple.product-type.application";
		};
/* End PBXNativeTarget section */

/* Begin PBXProject section */
		5DD21709205B3C840028D9FA /* Project object */ = {
			isa = PBXProject;
			attributes = {
				LastUpgradeCheck = 0920;
				ORGANIZATIONNAME = macuser;
				TargetAttributes = {
					5DD21710205B3C840028D9FA = {
						CreatedOnToolsVersion = 8.3.2;
						LastSwiftMigration = 0920;
						ProvisioningStyle = Automatic;
					};
				};
			};
			buildConfigurationList = 5DD2170C205B3C840028D9FA /* Build configuration list for PBXProject "StockInfo" */;
			compatibilityVersion = "Xcode 3.2";
			developmentRegion = English;
			hasScannedForEncodings = 0;
			knownRegions = (
				en,
				Base,
			);
			mainGroup = 5DD21708205B3C840028D9FA;
			productRefGroup = 5DD21712205B3C840028D9FA /* Products */;
			projectDirPath = "";
			projectRoot = "";
			targets = (
				5DD21710205B3C840028D9FA /* StockInfo */,
			);
		};
/* End PBXProject section */

/* Begin PBXResourcesBuildPhase section */
		5DD2170F205B3C840028D9FA /* Resources */ = {
			isa = PBXResourcesBuildPhase;
			buildActionMask = 2147483647;
			files = (
				5DD21724205B3C840028D9FA /* LaunchScreen.storyboard in Resources */,
				5DD21721205B3C840028D9FA /* Assets.xcassets in Resources */,
				5DD2171F205B3C840028D9FA /* Main.storyboard in Resources */,
			);
			runOnlyForDeploymentPostprocessing = 0;
		};
/* End PBXResourcesBuildPhase section */

/* Begin PBXSourcesBuildPhase section */
		5DD2170D205B3C840028D9FA /* Sources */ = {
			isa = PBXSourcesBuildPhase;
			buildActionMask = 2147483647;
			files = (
				DEA14652208D7F3200921826 /* DetailViewController.swift in Sources */,
				B20AB6B02087DD5B00040998 /* StockInfo.xcdatamodeld in Sources */,
				B20AB6AB2087DC3F00040998 /* StockViewController.swift in Sources */,
				5DD21730205B3DDB0028D9FA /* Yahoo.m in Sources */,
				5DD2172D205B3D1C0028D9FA /* TableViewController.m in Sources */,
				5DD21719205B3C840028D9FA /* AppDelegate.m in Sources */,
				B20AB6AD2087DC8300040998 /* coreDataController.swift in Sources */,
				B2DDBBBA2087EAE200872972 /* ViewController.swift in Sources */,
				5DD21716205B3C840028D9FA /* main.m in Sources */,
			);
			runOnlyForDeploymentPostprocessing = 0;
		};
/* End PBXSourcesBuildPhase section */

/* Begin PBXVariantGroup section */
		5DD2171D205B3C840028D9FA /* Main.storyboard */ = {
			isa = PBXVariantGroup;
			children = (
				5DD2171E205B3C840028D9FA /* Base */,
			);
			name = Main.storyboard;
			sourceTree = "<group>";
		};
		5DD21722205B3C840028D9FA /* LaunchScreen.storyboard */ = {
			isa = PBXVariantGroup;
			children = (
				5DD21723205B3C840028D9FA /* Base */,
			);
			name = LaunchScreen.storyboard;
			sourceTree = "<group>";
		};
/* End PBXVariantGroup section */

/* Begin XCBuildConfiguration section */
		5DD21726205B3C840028D9FA /* Debug */ = {
			isa = XCBuildConfiguration;
			buildSettings = {
				ALWAYS_SEARCH_USER_PATHS = NO;
				CLANG_ANALYZER_NONNULL = YES;
				CLANG_ANALYZER_NUMBER_OBJECT_CONVERSION = YES_AGGRESSIVE;
				CLANG_CXX_LANGUAGE_STANDARD = "gnu++0x";
				CLANG_CXX_LIBRARY = "libc++";
				CLANG_ENABLE_MODULES = YES;
				CLANG_ENABLE_OBJC_ARC = YES;
				CLANG_WARN_BLOCK_CAPTURE_AUTORELEASING = YES;
				CLANG_WARN_BOOL_CONVERSION = YES;
				CLANG_WARN_COMMA = YES;
				CLANG_WARN_CONSTANT_CONVERSION = YES;
				CLANG_WARN_DIRECT_OBJC_ISA_USAGE = YES_ERROR;
				CLANG_WARN_DOCUMENTATION_COMMENTS = YES;
				CLANG_WARN_EMPTY_BODY = YES;
				CLANG_WARN_ENUM_CONVERSION = YES;
				CLANG_WARN_INFINITE_RECURSION = YES;
				CLANG_WARN_INT_CONVERSION = YES;
				CLANG_WARN_NON_LITERAL_NULL_CONVERSION = YES;
				CLANG_WARN_OBJC_LITERAL_CONVERSION = YES;
				CLANG_WARN_OBJC_ROOT_CLASS = YES_ERROR;
				CLANG_WARN_RANGE_LOOP_ANALYSIS = YES;
				CLANG_WARN_STRICT_PROTOTYPES = YES;
				CLANG_WARN_SUSPICIOUS_MOVE = YES;
				CLANG_WARN_UNREACHABLE_CODE = YES;
				CLANG_WARN__DUPLICATE_METHOD_MATCH = YES;
				"CODE_SIGN_IDENTITY[sdk=iphoneos*]" = "iPhone Developer";
				COPY_PHASE_STRIP = NO;
				DEBUG_INFORMATION_FORMAT = dwarf;
				ENABLE_STRICT_OBJC_MSGSEND = YES;
				ENABLE_TESTABILITY = YES;
				GCC_C_LANGUAGE_STANDARD = gnu99;
				GCC_DYNAMIC_NO_PIC = NO;
				GCC_NO_COMMON_BLOCKS = YES;
				GCC_OPTIMIZATION_LEVEL = 0;
				GCC_PREPROCESSOR_DEFINITIONS = (
					"DEBUG=1",
					"$(inherited)",
				);
				GCC_WARN_64_TO_32_BIT_CONVERSION = YES;
				GCC_WARN_ABOUT_RETURN_TYPE = YES_ERROR;
				GCC_WARN_UNDECLARED_SELECTOR = YES;
				GCC_WARN_UNINITIALIZED_AUTOS = YES_AGGRESSIVE;
				GCC_WARN_UNUSED_FUNCTION = YES;
				GCC_WARN_UNUSED_VARIABLE = YES;
				IPHONEOS_DEPLOYMENT_TARGET = 10.3;
				MTL_ENABLE_DEBUG_INFO = YES;
				ONLY_ACTIVE_ARCH = YES;
				SDKROOT = iphoneos;
				TARGETED_DEVICE_FAMILY = "1,2";
			};
			name = Debug;
		};
		5DD21727205B3C840028D9FA /* Release */ = {
			isa = XCBuildConfiguration;
			buildSettings = {
				ALWAYS_SEARCH_USER_PATHS = NO;
				CLANG_ANALYZER_NONNULL = YES;
				CLANG_ANALYZER_NUMBER_OBJECT_CONVERSION = YES_AGGRESSIVE;
				CLANG_CXX_LANGUAGE_STANDARD = "gnu++0x";
				CLANG_CXX_LIBRARY = "libc++";
				CLANG_ENABLE_MODULES = YES;
				CLANG_ENABLE_OBJC_ARC = YES;
				CLANG_WARN_BLOCK_CAPTURE_AUTORELEASING = YES;
				CLANG_WARN_BOOL_CONVERSION = YES;
				CLANG_WARN_COMMA = YES;
				CLANG_WARN_CONSTANT_CONVERSION = YES;
				CLANG_WARN_DIRECT_OBJC_ISA_USAGE = YES_ERROR;
				CLANG_WARN_DOCUMENTATION_COMMENTS = YES;
				CLANG_WARN_EMPTY_BODY = YES;
				CLANG_WARN_ENUM_CONVERSION = YES;
				CLANG_WARN_INFINITE_RECURSION = YES;
				CLANG_WARN_INT_CONVERSION = YES;
				CLANG_WARN_NON_LITERAL_NULL_CONVERSION = YES;
				CLANG_WARN_OBJC_LITERAL_CONVERSION = YES;
				CLANG_WARN_OBJC_ROOT_CLASS = YES_ERROR;
				CLANG_WARN_RANGE_LOOP_ANALYSIS = YES;
				CLANG_WARN_STRICT_PROTOTYPES = YES;
				CLANG_WARN_SUSPICIOUS_MOVE = YES;
				CLANG_WARN_UNREACHABLE_CODE = YES;
				CLANG_WARN__DUPLICATE_METHOD_MATCH = YES;
				"CODE_SIGN_IDENTITY[sdk=iphoneos*]" = "iPhone Developer";
				COPY_PHASE_STRIP = NO;
				DEBUG_INFORMATION_FORMAT = "dwarf-with-dsym";
				ENABLE_NS_ASSERTIONS = NO;
				ENABLE_STRICT_OBJC_MSGSEND = YES;
				GCC_C_LANGUAGE_STANDARD = gnu99;
				GCC_NO_COMMON_BLOCKS = YES;
				GCC_WARN_64_TO_32_BIT_CONVERSION = YES;
				GCC_WARN_ABOUT_RETURN_TYPE = YES_ERROR;
				GCC_WARN_UNDECLARED_SELECTOR = YES;
				GCC_WARN_UNINITIALIZED_AUTOS = YES_AGGRESSIVE;
				GCC_WARN_UNUSED_FUNCTION = YES;
				GCC_WARN_UNUSED_VARIABLE = YES;
				IPHONEOS_DEPLOYMENT_TARGET = 10.3;
				MTL_ENABLE_DEBUG_INFO = NO;
				SDKROOT = iphoneos;
				TARGETED_DEVICE_FAMILY = "1,2";
				VALIDATE_PRODUCT = YES;
			};
			name = Release;
		};
		5DD21729205B3C840028D9FA /* Debug */ = {
			isa = XCBuildConfiguration;
			buildSettings = {
				ASSETCATALOG_COMPILER_APPICON_NAME = AppIcon;
				CLANG_ENABLE_MODULES = YES;
				DEFINES_MODULE = YES;
				INFOPLIST_FILE = StockInfo/Info.plist;
				LD_RUNPATH_SEARCH_PATHS = "$(inherited) @executable_path/Frameworks";
				PRODUCT_BUNDLE_IDENTIFIER = "-23.YahooAPISearch";
				PRODUCT_NAME = "$(TARGET_NAME)";
				SWIFT_OBJC_BRIDGING_HEADER = "StockInfo/StockInfo-Bridging-Header.h";
				SWIFT_OPTIMIZATION_LEVEL = "-Onone";
				SWIFT_VERSION = 3.0;
			};
			name = Debug;
		};
		5DD2172A205B3C840028D9FA /* Release */ = {
			isa = XCBuildConfiguration;
			buildSettings = {
				ASSETCATALOG_COMPILER_APPICON_NAME = AppIcon;
				CLANG_ENABLE_MODULES = YES;
				DEFINES_MODULE = YES;
				INFOPLIST_FILE = StockInfo/Info.plist;
				LD_RUNPATH_SEARCH_PATHS = "$(inherited) @executable_path/Frameworks";
				PRODUCT_BUNDLE_IDENTIFIER = "-23.YahooAPISearch";
				PRODUCT_NAME = "$(TARGET_NAME)";
				SWIFT_OBJC_BRIDGING_HEADER = "StockInfo/StockInfo-Bridging-Header.h";
				SWIFT_VERSION = 3.0;
			};
			name = Release;
		};
/* End XCBuildConfiguration section */

/* Begin XCConfigurationList section */
		5DD2170C205B3C840028D9FA /* Build configuration list for PBXProject "StockInfo" */ = {
			isa = XCConfigurationList;
			buildConfigurations = (
				5DD21726205B3C840028D9FA /* Debug */,
				5DD21727205B3C840028D9FA /* Release */,
			);
			defaultConfigurationIsVisible = 0;
			defaultConfigurationName = Release;
		};
		5DD21728205B3C840028D9FA /* Build configuration list for PBXNativeTarget "StockInfo" */ = {
			isa = XCConfigurationList;
			buildConfigurations = (
				5DD21729205B3C840028D9FA /* Debug */,
				5DD2172A205B3C840028D9FA /* Release */,
			);
			defaultConfigurationIsVisible = 0;
			defaultConfigurationName = Release;
		};
/* End XCConfigurationList section */

/* Begin XCVersionGroup section */
		B20AB6AE2087DD5B00040998 /* StockInfo.xcdatamodeld */ = {
			isa = XCVersionGroup;
			children = (
				B20AB6AF2087DD5B00040998 /* StockInfo.xcdatamodel */,
			);
			currentVersion = B20AB6AF2087DD5B00040998 /* StockInfo.xcdatamodel */;
			path = StockInfo.xcdatamodeld;
			sourceTree = "<group>";
			versionGroupType = wrapper.xcdatamodel;
		};
/* End XCVersionGroup section */
	};
	rootObject = 5DD21709205B3C840028D9FA /* Project object */;
}
